
Microsoft Visual Studio Solution File, Format Version 12.00
# Visual Studio 15
VisualStudioVersion = 15.0.26124.0
MinimumVisualStudioVersion = 15.0.26124.0
Project("{FAE04EC0-301F-11D3-BF4B-00C04F79EFBC}") = "ProAgil.API", "ProAgil.API\ProAgil.API.csproj", "{2CC5EEB8-47A3-4229-8FDF-A0A5BA93A1D2}"
EndProject
Project("{FAE04EC0-301F-11D3-BF4B-00C04F79EFBC}") = "ProAgil.Domain", "ProAgil.Domain\ProAgil.Domain.csproj", "{70F2CA59-C367-467F-9FAE-5D2D9C92A6F1}"
EndProject
Project("{FAE04EC0-301F-11D3-BF4B-00C04F79EFBC}") = "ProAgil.Repository", "ProAgil.Repository\ProAgil.Repository.csproj", "{47047E44-5BDF-4FE5-9203-FC1B1092936C}"
EndProject
Global
	GlobalSection(SolutionConfigurationPlatforms) = preSolution
		Debug|Any CPU = Debug|Any CPU
		Debug|x64 = Debug|x64
		Debug|x86 = Debug|x86
		Release|Any CPU = Release|Any CPU
		Release|x64 = Release|x64
		Release|x86 = Release|x86
	EndGlobalSection
	GlobalSection(SolutionProperties) = preSolution
		HideSolutionNode = FALSE
	EndGlobalSection
	GlobalSection(ProjectConfigurationPlatforms) = postSolution
		{2CC5EEB8-47A3-4229-8FDF-A0A5BA93A1D2}.Debug|Any CPU.ActiveCfg = Debug|Any CPU
		{2CC5EEB8-47A3-4229-8FDF-A0A5BA93A1D2}.Debug|Any CPU.Build.0 = Debug|Any CPU
		{2CC5EEB8-47A3-4229-8FDF-A0A5BA93A1D2}.Debug|x64.ActiveCfg = Debug|Any CPU
		{2CC5EEB8-47A3-4229-8FDF-A0A5BA93A1D2}.Debug|x64.Build.0 = Debug|Any CPU
		{2CC5EEB8-47A3-4229-8FDF-A0A5BA93A1D2}.Debug|x86.ActiveCfg = Debug|Any CPU
		{2CC5EEB8-47A3-4229-8FDF-A0A5BA93A1D2}.Debug|x86.Build.0 = Debug|Any CPU
		{2CC5EEB8-47A3-4229-8FDF-A0A5BA93A1D2}.Release|Any CPU.ActiveCfg = Release|Any CPU
		{2CC5EEB8-47A3-4229-8FDF-A0A5BA93A1D2}.Release|Any CPU.Build.0 = Release|Any CPU
		{2CC5EEB8-47A3-4229-8FDF-A0A5BA93A1D2}.Release|x64.ActiveCfg = Release|Any CPU
		{2CC5EEB8-47A3-4229-8FDF-A0A5BA93A1D2}.Release|x64.Build.0 = Release|Any CPU
		{2CC5EEB8-47A3-4229-8FDF-A0A5BA93A1D2}.Release|x86.ActiveCfg = Release|Any CPU
		{2CC5EEB8-47A3-4229-8FDF-A0A5BA93A1D2}.Release|x86.Build.0 = Release|Any CPU
		{70F2CA59-C367-467F-9FAE-5D2D9C92A6F1}.Debug|Any CPU.ActiveCfg = Debug|Any CPU
		{70F2CA59-C367-467F-9FAE-5D2D9C92A6F1}.Debug|Any CPU.Build.0 = Debug|Any CPU
		{70F2CA59-C367-467F-9FAE-5D2D9C92A6F1}.Debug|x64.ActiveCfg = Debug|Any CPU
		{70F2CA59-C367-467F-9FAE-5D2D9C92A6F1}.Debug|x64.Build.0 = Debug|Any CPU
		{70F2CA59-C367-467F-9FAE-5D2D9C92A6F1}.Debug|x86.ActiveCfg = Debug|Any CPU
		{70F2CA59-C367-467F-9FAE-5D2D9C92A6F1}.Debug|x86.Build.0 = Debug|Any CPU
		{70F2CA59-C367-467F-9FAE-5D2D9C92A6F1}.Release|Any CPU.ActiveCfg = Release|Any CPU
		{70F2CA59-C367-467F-9FAE-5D2D9C92A6F1}.Release|Any CPU.Build.0 = Release|Any CPU
		{70F2CA59-C367-467F-9FAE-5D2D9C92A6F1}.Release|x64.ActiveCfg = Release|Any CPU
		{70F2CA59-C367-467F-9FAE-5D2D9C92A6F1}.Release|x64.Build.0 = Release|Any CPU
		{70F2CA59-C367-467F-9FAE-5D2D9C92A6F1}.Release|x86.ActiveCfg = Release|Any CPU
		{70F2CA59-C367-467F-9FAE-5D2D9C92A6F1}.Release|x86.Build.0 = Release|Any CPU
		{47047E44-5BDF-4FE5-9203-FC1B1092936C}.Debug|Any CPU.ActiveCfg = Debug|Any CPU
		{47047E44-5BDF-4FE5-9203-FC1B1092936C}.Debug|Any CPU.Build.0 = Debug|Any CPU
		{47047E44-5BDF-4FE5-9203-FC1B1092936C}.Debug|x64.ActiveCfg = Debug|Any CPU
		{47047E44-5BDF-4FE5-9203-FC1B1092936C}.Debug|x64.Build.0 = Debug|Any CPU
		{47047E44-5BDF-4FE5-9203-FC1B1092936C}.Debug|x86.ActiveCfg = Debug|Any CPU
		{47047E44-5BDF-4FE5-9203-FC1B1092936C}.Debug|x86.Build.0 = Debug|Any CPU
		{47047E44-5BDF-4FE5-9203-FC1B1092936C}.Release|Any CPU.ActiveCfg = Release|Any CPU
		{47047E44-5BDF-4FE5-9203-FC1B1092936C}.Release|Any CPU.Build.0 = Release|Any CPU
		{47047E44-5BDF-4FE5-9203-FC1B1092936C}.Release|x64.ActiveCfg = Release|Any CPU
		{47047E44-5BDF-4FE5-9203-FC1B1092936C}.Release|x64.Build.0 = Release|Any CPU
		{47047E44-5BDF-4FE5-9203-FC1B1092936C}.Release|x86.ActiveCfg = Release|Any CPU
		{47047E44-5BDF-4FE5-9203-FC1B1092936C}.Release|x86.Build.0 = Release|Any CPU
	EndGlobalSection
EndGlobal
